
Microsoft Visual Studio Solution File, Format Version 12.00
# Visual Studio Version 17
VisualStudioVersion = 17.6.33815.320
MinimumVisualStudioVersion = 10.0.40219.1
Project("{FAE04EC0-301F-11D3-BF4B-00C04F79EFBC}") = "TasksManagmentService", "TasksManagmentService\TasksManagmentService.csproj", "{5AEDC8FD-3E77-47A4-8C78-C0763A7AA4CC}"
EndProject
Global
	GlobalSection(SolutionConfigurationPlatforms) = preSolution
		Debug|Any CPU = Debug|Any CPU
		Release|Any CPU = Release|Any CPU
	EndGlobalSection
	GlobalSection(ProjectConfigurationPlatforms) = postSolution
		{5AEDC8FD-3E77-47A4-8C78-C0763A7AA4CC}.Debug|Any CPU.ActiveCfg = Debug|Any CPU
		{5AEDC8FD-3E77-47A4-8C78-C0763A7AA4CC}.Debug|Any CPU.Build.0 = Debug|Any CPU
		{5AEDC8FD-3E77-47A4-8C78-C0763A7AA4CC}.Release|Any CPU.ActiveCfg = Release|Any CPU
		{5AEDC8FD-3E77-47A4-8C78-C0763A7AA4CC}.Release|Any CPU.Build.0 = Release|Any CPU
	EndGlobalSection
	GlobalSection(SolutionProperties) = preSolution
		HideSolutionNode = FALSE
	EndGlobalSection
	GlobalSection(ExtensibilityGlobals) = postSolution
		SolutionGuid = {E3AB68DC-BF2D-4A04-9CF9-3A3E7DC62A01}
	EndGlobalSection
EndGlobal
